
Microsoft Visual Studio Solution File, Format Version 12.00
# Visual Studio Version 16
VisualStudioVersion = 16.0.33027.164
MinimumVisualStudioVersion = 10.0.40219.1
Project("{FAE04EC0-301F-11D3-BF4B-00C04F79EFBC}") = "BankSystem", "BankSystem.csproj", "{650EB86B-CD58-4A7E-B8DD-4DCBD7A395DA}"
EndProject
Global
	GlobalSection(SolutionConfigurationPlatforms) = preSolution
		Debug|Any CPU = Debug|Any CPU
		Release|Any CPU = Release|Any CPU
	EndGlobalSection
	GlobalSection(ProjectConfigurationPlatforms) = postSolution
		{650EB86B-CD58-4A7E-B8DD-4DCBD7A395DA}.Debug|Any CPU.ActiveCfg = Debug|Any CPU
		{650EB86B-CD58-4A7E-B8DD-4DCBD7A395DA}.Debug|Any CPU.Build.0 = Debug|Any CPU
		{650EB86B-CD58-4A7E-B8DD-4DCBD7A395DA}.Release|Any CPU.ActiveCfg = Release|Any CPU
		{650EB86B-CD58-4A7E-B8DD-4DCBD7A395DA}.Release|Any CPU.Build.0 = Release|Any CPU
	EndGlobalSection
	GlobalSection(SolutionProperties) = preSolution
		HideSolutionNode = FALSE
	EndGlobalSection
	GlobalSection(ExtensibilityGlobals) = postSolution
		SolutionGuid = {6F02F60A-3C39-48D8-A3E1-7A317C2202F0}
	EndGlobalSection
EndGlobal
